
Microsoft Visual Studio Solution File, Format Version 12.00
# Visual Studio Version 16
VisualStudioVersion = 16.0.31613.86
MinimumVisualStudioVersion = 10.0.40219.1
Project("{FAE04EC0-301F-11D3-BF4B-00C04F79EFBC}") = "Senai_WishList_webAPI", "Senai_WishList_webAPI\Senai_WishList_webAPI.csproj", "{85A21036-4F62-4CD4-A570-7FB13604CF94}"
EndProject
Global
	GlobalSection(SolutionConfigurationPlatforms) = preSolution
		Debug|Any CPU = Debug|Any CPU
		Release|Any CPU = Release|Any CPU
	EndGlobalSection
	GlobalSection(ProjectConfigurationPlatforms) = postSolution
		{85A21036-4F62-4CD4-A570-7FB13604CF94}.Debug|Any CPU.ActiveCfg = Debug|Any CPU
		{85A21036-4F62-4CD4-A570-7FB13604CF94}.Debug|Any CPU.Build.0 = Debug|Any CPU
		{85A21036-4F62-4CD4-A570-7FB13604CF94}.Release|Any CPU.ActiveCfg = Release|Any CPU
		{85A21036-4F62-4CD4-A570-7FB13604CF94}.Release|Any CPU.Build.0 = Release|Any CPU
	EndGlobalSection
	GlobalSection(SolutionProperties) = preSolution
		HideSolutionNode = FALSE
	EndGlobalSection
	GlobalSection(ExtensibilityGlobals) = postSolution
		SolutionGuid = {9B00EC31-BC1A-4763-9C09-C9DD50E208A0}
	EndGlobalSection
EndGlobal
